
Microsoft Visual Studio Solution File, Format Version 12.00
# Visual Studio Version 17
VisualStudioVersion = 17.2.32616.157
MinimumVisualStudioVersion = 10.0.40219.1
Project("{FAE04EC0-301F-11D3-BF4B-00C04F79EFBC}") = "Magazyn - Rozmieszczenie Towarów", "Magazyn - Rozmieszczenie Towarów\Magazyn - Rozmieszczenie Towarów.csproj", "{2B1D4838-3C6B-4844-8A0E-5BE613459F21}"
EndProject
Global
	GlobalSection(SolutionConfigurationPlatforms) = preSolution
		Debug|Any CPU = Debug|Any CPU
		Release|Any CPU = Release|Any CPU
	EndGlobalSection
	GlobalSection(ProjectConfigurationPlatforms) = postSolution
		{2B1D4838-3C6B-4844-8A0E-5BE613459F21}.Debug|Any CPU.ActiveCfg = Debug|Any CPU
		{2B1D4838-3C6B-4844-8A0E-5BE613459F21}.Debug|Any CPU.Build.0 = Debug|Any CPU
		{2B1D4838-3C6B-4844-8A0E-5BE613459F21}.Release|Any CPU.ActiveCfg = Release|Any CPU
		{2B1D4838-3C6B-4844-8A0E-5BE613459F21}.Release|Any CPU.Build.0 = Release|Any CPU
	EndGlobalSection
	GlobalSection(SolutionProperties) = preSolution
		HideSolutionNode = FALSE
	EndGlobalSection
	GlobalSection(ExtensibilityGlobals) = postSolution
		SolutionGuid = {298AD58A-A5CA-4EA9-BE40-50D354AD908D}
	EndGlobalSection
EndGlobal
